{
  "name": "reql-helper",
  "version": "1.0.0",
  "lockfileVersion": 1,
  "requires": true,
  "dependencies": {
    "@types/node": {
      "version": "14.14.22",
      "resolved": "https://registry.npmjs.org/@types/node/-/node-14.14.22.tgz",
      "integrity": "sha512-g+f/qj/cNcqKkc3tFqlXOYjrmZA+jNBiDzbP3kH+B+otKFqAdPgVTGP1IeKRdMml/aE69as5S4FqtxAbl+LaMw==",
      "dev": true
    },
    "bluebird": {
      "version": "2.11.0",
      "resolved": "https://registry.npmjs.org/bluebird/-/bluebird-2.11.0.tgz",
      "integrity": "sha1-U0uQM8AiyVecVro7Plpcqvu2UOE="
    },
    "generic-pool": {
      "version": "3.7.1",
      "resolved": "https://registry.npmjs.org/generic-pool/-/generic-pool-3.7.1.tgz",
      "integrity": "sha512-ug6DAZoNgWm6q5KhPFA+hzXfBLFQu5sTXxPpv44DmE0A2g+CiHoq9LTVdkXpZMkYVMoGw83F6W+WT0h0MFMK/w=="
    },
    "rethinkdb": {
      "version": "2.4.2",
      "resolved": "https://registry.npmjs.org/rethinkdb/-/rethinkdb-2.4.2.tgz",
      "integrity": "sha512-6DzwqEpFc8cqesAdo07a845oBRxLiHvWzopTKBo/uY2ypGWIsJQFJk3wjRDtSEhczxJqLS0jnf37rwgzYAw8NQ==",
      "requires": {
        "bluebird": ">= 2.3.2 < 3"
      }
    },
    "rethinkdb-pool": {
      "version": "1.2.0",
      "resolved": "https://registry.npmjs.org/rethinkdb-pool/-/rethinkdb-pool-1.2.0.tgz",
      "integrity": "sha512-/kagYA8zhkXJKFXkEPEGPDeWo9UCSGUgf5heqaYDRZupdKF673rhxjFY7sP2FWtAuP41etAox0WsD5T2HerjhQ==",
      "requires": {
        "generic-pool": "3.7.1"
      }
    }
  }
}
